// !$*UTF8*$!
{
	archiveVersion = 1;
	classes = {
	};
	objectVersion = 56;
	objects = {

/* Begin PBXBuildFile section */
		FE70D9F92B610F0E006CFE1F /* ILTitleLabel.swift in Sources */ = {isa = PBXBuildFile; fileRef = FE70D9F82B610F0E006CFE1F /* ILTitleLabel.swift */; };
		FE70D9FC2B611158006CFE1F /* ILButton.swift in Sources */ = {isa = PBXBuildFile; fileRef = FE70D9FB2B611158006CFE1F /* ILButton.swift */; };
		FE70DA042B614F2A006CFE1F /* InfoVC.swift in Sources */ = {isa = PBXBuildFile; fileRef = FE70DA032B614F2A006CFE1F /* InfoVC.swift */; };
		FE70DA062B614F64006CFE1F /* ILItemInfoView.swift in Sources */ = {isa = PBXBuildFile; fileRef = FE70DA052B614F64006CFE1F /* ILItemInfoView.swift */; };
		FE70DA082B6162DC006CFE1F /* Constants.swift in Sources */ = {isa = PBXBuildFile; fileRef = FE70DA072B6162DC006CFE1F /* Constants.swift */; };
		FE70DA0B2B616A1C006CFE1F /* GonziExpanded-Bold.ttf in Resources */ = {isa = PBXBuildFile; fileRef = FE70DA0A2B616A16006CFE1F /* GonziExpanded-Bold.ttf */; };
		FE70DA0D2B6172FF006CFE1F /* ILEllipseOne.swift in Sources */ = {isa = PBXBuildFile; fileRef = FE70DA0C2B6172FF006CFE1F /* ILEllipseOne.swift */; };
		FE70DA0F2B6174E0006CFE1F /* ILEllipseTwo.swift in Sources */ = {isa = PBXBuildFile; fileRef = FE70DA0E2B6174E0006CFE1F /* ILEllipseTwo.swift */; };
		FE70DA112B61757B006CFE1F /* ILEllipseThree.swift in Sources */ = {isa = PBXBuildFile; fileRef = FE70DA102B61757B006CFE1F /* ILEllipseThree.swift */; };
		FE70DA132B617E06006CFE1F /* ILBackgroundView.swift in Sources */ = {isa = PBXBuildFile; fileRef = FE70DA122B617E06006CFE1F /* ILBackgroundView.swift */; };
		FE916C252B5FE43D00A9C6AD /* AppDelegate.swift in Sources */ = {isa = PBXBuildFile; fileRef = FE916C242B5FE43D00A9C6AD /* AppDelegate.swift */; };
		FE916C272B5FE43D00A9C6AD /* SceneDelegate.swift in Sources */ = {isa = PBXBuildFile; fileRef = FE916C262B5FE43D00A9C6AD /* SceneDelegate.swift */; };
		FE916C2E2B5FE43E00A9C6AD /* Assets.xcassets in Resources */ = {isa = PBXBuildFile; fileRef = FE916C2D2B5FE43E00A9C6AD /* Assets.xcassets */; };
		FE916C312B5FE43E00A9C6AD /* LaunchScreen.storyboard in Resources */ = {isa = PBXBuildFile; fileRef = FE916C2F2B5FE43E00A9C6AD /* LaunchScreen.storyboard */; };
		FE916C3B2B5FE63C00A9C6AD /* CoinsVC.swift in Sources */ = {isa = PBXBuildFile; fileRef = FE916C3A2B5FE63C00A9C6AD /* CoinsVC.swift */; };
		FE916C422B5FF47D00A9C6AD /* CoinCell.swift in Sources */ = {isa = PBXBuildFile; fileRef = FE916C412B5FF47D00A9C6AD /* CoinCell.swift */; };
		FE916C452B5FF55100A9C6AD /* ILBodylabel.swift in Sources */ = {isa = PBXBuildFile; fileRef = FE916C442B5FF55100A9C6AD /* ILBodylabel.swift */; };
		FE916C482B5FFA4100A9C6AD /* UIView + Ext.swift in Sources */ = {isa = PBXBuildFile; fileRef = FE916C472B5FFA4100A9C6AD /* UIView + Ext.swift */; };
		FE916C4B2B5FFE6500A9C6AD /* Coin.swift in Sources */ = {isa = PBXBuildFile; fileRef = FE916C4A2B5FFE6500A9C6AD /* Coin.swift */; };
		FE916C4E2B60090400A9C6AD /* NetworkManager.swift in Sources */ = {isa = PBXBuildFile; fileRef = FE916C4D2B60090400A9C6AD /* NetworkManager.swift */; };
		FE916C512B600AB600A9C6AD /* ILError.swift in Sources */ = {isa = PBXBuildFile; fileRef = FE916C502B600AB600A9C6AD /* ILError.swift */; };
		FE916C542B600E2D00A9C6AD /* ILDataLoadingVC.swift in Sources */ = {isa = PBXBuildFile; fileRef = FE916C532B600E2D00A9C6AD /* ILDataLoadingVC.swift */; };
		FE916C562B6011E900A9C6AD /* ILAlertVC.swift in Sources */ = {isa = PBXBuildFile; fileRef = FE916C552B6011E900A9C6AD /* ILAlertVC.swift */; };
		FE916C5C2B60427D00A9C6AD /* String + Ext.swift in Sources */ = {isa = PBXBuildFile; fileRef = FE916C5B2B60427D00A9C6AD /* String + Ext.swift */; };
/* End PBXBuildFile section */

/* Begin PBXFileReference section */
		FE70D9F82B610F0E006CFE1F /* ILTitleLabel.swift */ = {isa = PBXFileReference; lastKnownFileType = sourcecode.swift; path = ILTitleLabel.swift; sourceTree = "<group>"; };
		FE70D9FB2B611158006CFE1F /* ILButton.swift */ = {isa = PBXFileReference; lastKnownFileType = sourcecode.swift; path = ILButton.swift; sourceTree = "<group>"; };
		FE70DA032B614F2A006CFE1F /* InfoVC.swift */ = {isa = PBXFileReference; lastKnownFileType = sourcecode.swift; path = InfoVC.swift; sourceTree = "<group>"; };
		FE70DA052B614F64006CFE1F /* ILItemInfoView.swift */ = {isa = PBXFileReference; lastKnownFileType = sourcecode.swift; path = ILItemInfoView.swift; sourceTree = "<group>"; };
		FE70DA072B6162DC006CFE1F /* Constants.swift */ = {isa = PBXFileReference; lastKnownFileType = sourcecode.swift; path = Constants.swift; sourceTree = "<group>"; };
		FE70DA0A2B616A16006CFE1F /* GonziExpanded-Bold.ttf */ = {isa = PBXFileReference; lastKnownFileType = file; path = "GonziExpanded-Bold.ttf"; sourceTree = "<group>"; };
		FE70DA0C2B6172FF006CFE1F /* ILEllipseOne.swift */ = {isa = PBXFileReference; lastKnownFileType = sourcecode.swift; path = ILEllipseOne.swift; sourceTree = "<group>"; };
		FE70DA0E2B6174E0006CFE1F /* ILEllipseTwo.swift */ = {isa = PBXFileReference; lastKnownFileType = sourcecode.swift; path = ILEllipseTwo.swift; sourceTree = "<group>"; };
		FE70DA102B61757B006CFE1F /* ILEllipseThree.swift */ = {isa = PBXFileReference; lastKnownFileType = sourcecode.swift; path = ILEllipseThree.swift; sourceTree = "<group>"; };
		FE70DA122B617E06006CFE1F /* ILBackgroundView.swift */ = {isa = PBXFileReference; lastKnownFileType = sourcecode.swift; path = ILBackgroundView.swift; sourceTree = "<group>"; };
		FE916C212B5FE43D00A9C6AD /* ILCoinCap.app */ = {isa = PBXFileReference; explicitFileType = wrapper.application; includeInIndex = 0; path = ILCoinCap.app; sourceTree = BUILT_PRODUCTS_DIR; };
		FE916C242B5FE43D00A9C6AD /* AppDelegate.swift */ = {isa = PBXFileReference; lastKnownFileType = sourcecode.swift; path = AppDelegate.swift; sourceTree = "<group>"; };
		FE916C262B5FE43D00A9C6AD /* SceneDelegate.swift */ = {isa = PBXFileReference; lastKnownFileType = sourcecode.swift; path = SceneDelegate.swift; sourceTree = "<group>"; };
		FE916C2D2B5FE43E00A9C6AD /* Assets.xcassets */ = {isa = PBXFileReference; lastKnownFileType = folder.assetcatalog; path = Assets.xcassets; sourceTree = "<group>"; };
		FE916C302B5FE43E00A9C6AD /* Base */ = {isa = PBXFileReference; lastKnownFileType = file.storyboard; name = Base; path = Base.lproj/LaunchScreen.storyboard; sourceTree = "<group>"; };
		FE916C322B5FE43E00A9C6AD /* Info.plist */ = {isa = PBXFileReference; lastKnownFileType = text.plist.xml; path = Info.plist; sourceTree = "<group>"; };
		FE916C3A2B5FE63C00A9C6AD /* CoinsVC.swift */ = {isa = PBXFileReference; lastKnownFileType = sourcecode.swift; path = CoinsVC.swift; sourceTree = "<group>"; };
		FE916C412B5FF47D00A9C6AD /* CoinCell.swift */ = {isa = PBXFileReference; lastKnownFileType = sourcecode.swift; path = CoinCell.swift; sourceTree = "<group>"; };
		FE916C442B5FF55100A9C6AD /* ILBodylabel.swift */ = {isa = PBXFileReference; lastKnownFileType = sourcecode.swift; path = ILBodylabel.swift; sourceTree = "<group>"; };
		FE916C472B5FFA4100A9C6AD /* UIView + Ext.swift */ = {isa = PBXFileReference; lastKnownFileType = sourcecode.swift; path = "UIView + Ext.swift"; sourceTree = "<group>"; };
		FE916C4A2B5FFE6500A9C6AD /* Coin.swift */ = {isa = PBXFileReference; lastKnownFileType = sourcecode.swift; path = Coin.swift; sourceTree = "<group>"; };
		FE916C4D2B60090400A9C6AD /* NetworkManager.swift */ = {isa = PBXFileReference; lastKnownFileType = sourcecode.swift; path = NetworkManager.swift; sourceTree = "<group>"; };
		FE916C502B600AB600A9C6AD /* ILError.swift */ = {isa = PBXFileReference; lastKnownFileType = sourcecode.swift; path = ILError.swift; sourceTree = "<group>"; };
		FE916C532B600E2D00A9C6AD /* ILDataLoadingVC.swift */ = {isa = PBXFileReference; lastKnownFileType = sourcecode.swift; path = ILDataLoadingVC.swift; sourceTree = "<group>"; };
		FE916C552B6011E900A9C6AD /* ILAlertVC.swift */ = {isa = PBXFileReference; lastKnownFileType = sourcecode.swift; path = ILAlertVC.swift; sourceTree = "<group>"; };
		FE916C5B2B60427D00A9C6AD /* String + Ext.swift */ = {isa = PBXFileReference; lastKnownFileType = sourcecode.swift; path = "String + Ext.swift"; sourceTree = "<group>"; };
/* End PBXFileReference section */

/* Begin PBXFrameworksBuildPhase section */
		FE916C1E2B5FE43D00A9C6AD /* Frameworks */ = {
			isa = PBXFrameworksBuildPhase;
			buildActionMask = 2147483647;
			files = (
			);
			runOnlyForDeploymentPostprocessing = 0;
		};
/* End PBXFrameworksBuildPhase section */

/* Begin PBXGroup section */
		FE70D9FA2B61113F006CFE1F /* Buttons */ = {
			isa = PBXGroup;
			children = (
				FE70D9FB2B611158006CFE1F /* ILButton.swift */,
			);
			path = Buttons;
			sourceTree = "<group>";
		};
		FE70DA092B6169DE006CFE1F /* Fonts */ = {
			isa = PBXGroup;
			children = (
				FE70DA0A2B616A16006CFE1F /* GonziExpanded-Bold.ttf */,
			);
			path = Fonts;
			sourceTree = "<group>";
		};
		FE916C182B5FE43D00A9C6AD = {
			isa = PBXGroup;
			children = (
				FE916C232B5FE43D00A9C6AD /* ILCoinCap */,
				FE916C222B5FE43D00A9C6AD /* Products */,
			);
			sourceTree = "<group>";
		};
		FE916C222B5FE43D00A9C6AD /* Products */ = {
			isa = PBXGroup;
			children = (
				FE916C212B5FE43D00A9C6AD /* ILCoinCap.app */,
			);
			name = Products;
			sourceTree = "<group>";
		};
		FE916C232B5FE43D00A9C6AD /* ILCoinCap */ = {
			isa = PBXGroup;
			children = (
				FE916C382B5FE5E100A9C6AD /* Application */,
				FE916C392B5FE61A00A9C6AD /* Screens */,
				FE916C3F2B5FF44100A9C6AD /* CustomViews */,
				FE916C492B5FFE4700A9C6AD /* Models */,
				FE916C4C2B6008F400A9C6AD /* Managers */,
				FE916C4F2B600AA900A9C6AD /* Utilities */,
				FE916C462B5FFA3300A9C6AD /* Extensions */,
				FE70DA092B6169DE006CFE1F /* Fonts */,
				FE916C2D2B5FE43E00A9C6AD /* Assets.xcassets */,
				FE916C2F2B5FE43E00A9C6AD /* LaunchScreen.storyboard */,
				FE916C322B5FE43E00A9C6AD /* Info.plist */,
			);
			path = ILCoinCap;
			sourceTree = "<group>";
		};
		FE916C382B5FE5E100A9C6AD /* Application */ = {
			isa = PBXGroup;
			children = (
				FE916C242B5FE43D00A9C6AD /* AppDelegate.swift */,
				FE916C262B5FE43D00A9C6AD /* SceneDelegate.swift */,
			);
			path = Application;
			sourceTree = "<group>";
		};
		FE916C392B5FE61A00A9C6AD /* Screens */ = {
			isa = PBXGroup;
			children = (
				FE916C3A2B5FE63C00A9C6AD /* CoinsVC.swift */,
				FE70DA032B614F2A006CFE1F /* InfoVC.swift */,
			);
			path = Screens;
			sourceTree = "<group>";
		};
		FE916C3F2B5FF44100A9C6AD /* CustomViews */ = {
			isa = PBXGroup;
			children = (
				FE70D9FA2B61113F006CFE1F /* Buttons */,
				FE916C5D2B60534300A9C6AD /* Views */,
				FE916C572B6011F000A9C6AD /* Alerts */,
				FE916C522B600E1300A9C6AD /* ViewControllers */,
				FE916C432B5FF52800A9C6AD /* Labels */,
				FE916C402B5FF44B00A9C6AD /* Cells */,
			);
			path = CustomViews;
			sourceTree = "<group>";
		};
		FE916C402B5FF44B00A9C6AD /* Cells */ = {
			isa = PBXGroup;
			children = (
				FE916C412B5FF47D00A9C6AD /* CoinCell.swift */,
			);
			path = Cells;
			sourceTree = "<group>";
		};
		FE916C432B5FF52800A9C6AD /* Labels */ = {
			isa = PBXGroup;
			children = (
				FE916C442B5FF55100A9C6AD /* ILBodylabel.swift */,
				FE70D9F82B610F0E006CFE1F /* ILTitleLabel.swift */,
			);
			path = Labels;
			sourceTree = "<group>";
		};
		FE916C462B5FFA3300A9C6AD /* Extensions */ = {
			isa = PBXGroup;
			children = (
				FE916C472B5FFA4100A9C6AD /* UIView + Ext.swift */,
				FE916C5B2B60427D00A9C6AD /* String + Ext.swift */,
			);
			path = Extensions;
			sourceTree = "<group>";
		};
		FE916C492B5FFE4700A9C6AD /* Models */ = {
			isa = PBXGroup;
			children = (
				FE916C4A2B5FFE6500A9C6AD /* Coin.swift */,
			);
			path = Models;
			sourceTree = "<group>";
		};
		FE916C4C2B6008F400A9C6AD /* Managers */ = {
			isa = PBXGroup;
			children = (
				FE916C4D2B60090400A9C6AD /* NetworkManager.swift */,
			);
			path = Managers;
			sourceTree = "<group>";
		};
		FE916C4F2B600AA900A9C6AD /* Utilities */ = {
			isa = PBXGroup;
			children = (
				FE916C502B600AB600A9C6AD /* ILError.swift */,
				FE70DA072B6162DC006CFE1F /* Constants.swift */,
			);
			path = Utilities;
			sourceTree = "<group>";
		};
		FE916C522B600E1300A9C6AD /* ViewControllers */ = {
			isa = PBXGroup;
			children = (
				FE916C532B600E2D00A9C6AD /* ILDataLoadingVC.swift */,
			);
			path = ViewControllers;
			sourceTree = "<group>";
		};
		FE916C572B6011F000A9C6AD /* Alerts */ = {
			isa = PBXGroup;
			children = (
				FE916C552B6011E900A9C6AD /* ILAlertVC.swift */,
			);
			path = Alerts;
			sourceTree = "<group>";
		};
		FE916C5D2B60534300A9C6AD /* Views */ = {
			isa = PBXGroup;
			children = (
				FE70DA052B614F64006CFE1F /* ILItemInfoView.swift */,
				FE70DA0C2B6172FF006CFE1F /* ILEllipseOne.swift */,
				FE70DA0E2B6174E0006CFE1F /* ILEllipseTwo.swift */,
				FE70DA102B61757B006CFE1F /* ILEllipseThree.swift */,
				FE70DA122B617E06006CFE1F /* ILBackgroundView.swift */,
			);
			path = Views;
			sourceTree = "<group>";
		};
/* End PBXGroup section */

/* Begin PBXNativeTarget section */
		FE916C202B5FE43D00A9C6AD /* ILCoinCap */ = {
			isa = PBXNativeTarget;
			buildConfigurationList = FE916C352B5FE43E00A9C6AD /* Build configuration list for PBXNativeTarget "ILCoinCap" */;
			buildPhases = (
				FE916C1D2B5FE43D00A9C6AD /* Sources */,
				FE916C1E2B5FE43D00A9C6AD /* Frameworks */,
				FE916C1F2B5FE43D00A9C6AD /* Resources */,
			);
			buildRules = (
			);
			dependencies = (
			);
			name = ILCoinCap;
			productName = ILCoinCap;
			productReference = FE916C212B5FE43D00A9C6AD /* ILCoinCap.app */;
			productType = "com.apple.product-type.application";
		};
/* End PBXNativeTarget section */

/* Begin PBXProject section */
		FE916C192B5FE43D00A9C6AD /* Project object */ = {
			isa = PBXProject;
			attributes = {
				BuildIndependentTargetsInParallel = 1;
				LastSwiftUpdateCheck = 1520;
				LastUpgradeCheck = 1520;
				TargetAttributes = {
					FE916C202B5FE43D00A9C6AD = {
						CreatedOnToolsVersion = 15.2;
					};
				};
			};
			buildConfigurationList = FE916C1C2B5FE43D00A9C6AD /* Build configuration list for PBXProject "ILCoinCap" */;
			compatibilityVersion = "Xcode 14.0";
			developmentRegion = en;
			hasScannedForEncodings = 0;
			knownRegions = (
				en,
				Base,
			);
			mainGroup = FE916C182B5FE43D00A9C6AD;
			productRefGroup = FE916C222B5FE43D00A9C6AD /* Products */;
			projectDirPath = "";
			projectRoot = "";
			targets = (
				FE916C202B5FE43D00A9C6AD /* ILCoinCap */,
			);
		};
/* End PBXProject section */

/* Begin PBXResourcesBuildPhase section */
		FE916C1F2B5FE43D00A9C6AD /* Resources */ = {
			isa = PBXResourcesBuildPhase;
			buildActionMask = 2147483647;
			files = (
				FE916C312B5FE43E00A9C6AD /* LaunchScreen.storyboard in Resources */,
				FE916C2E2B5FE43E00A9C6AD /* Assets.xcassets in Resources */,
				FE70DA0B2B616A1C006CFE1F /* GonziExpanded-Bold.ttf in Resources */,
			);
			runOnlyForDeploymentPostprocessing = 0;
		};
/* End PBXResourcesBuildPhase section */

/* Begin PBXSourcesBuildPhase section */
		FE916C1D2B5FE43D00A9C6AD /* Sources */ = {
			isa = PBXSourcesBuildPhase;
			buildActionMask = 2147483647;
			files = (
				FE916C5C2B60427D00A9C6AD /* String + Ext.swift in Sources */,
				FE916C3B2B5FE63C00A9C6AD /* CoinsVC.swift in Sources */,
				FE916C452B5FF55100A9C6AD /* ILBodylabel.swift in Sources */,
				FE916C482B5FFA4100A9C6AD /* UIView + Ext.swift in Sources */,
				FE916C512B600AB600A9C6AD /* ILError.swift in Sources */,
				FE70D9F92B610F0E006CFE1F /* ILTitleLabel.swift in Sources */,
				FE916C252B5FE43D00A9C6AD /* AppDelegate.swift in Sources */,
				FE70DA0D2B6172FF006CFE1F /* ILEllipseOne.swift in Sources */,
				FE70D9FC2B611158006CFE1F /* ILButton.swift in Sources */,
				FE916C4E2B60090400A9C6AD /* NetworkManager.swift in Sources */,
				FE70DA0F2B6174E0006CFE1F /* ILEllipseTwo.swift in Sources */,
				FE70DA112B61757B006CFE1F /* ILEllipseThree.swift in Sources */,
				FE916C422B5FF47D00A9C6AD /* CoinCell.swift in Sources */,
				FE70DA062B614F64006CFE1F /* ILItemInfoView.swift in Sources */,
				FE916C272B5FE43D00A9C6AD /* SceneDelegate.swift in Sources */,
				FE70DA132B617E06006CFE1F /* ILBackgroundView.swift in Sources */,
				FE70DA042B614F2A006CFE1F /* InfoVC.swift in Sources */,
				FE916C542B600E2D00A9C6AD /* ILDataLoadingVC.swift in Sources */,
				FE916C4B2B5FFE6500A9C6AD /* Coin.swift in Sources */,
				FE916C562B6011E900A9C6AD /* ILAlertVC.swift in Sources */,
				FE70DA082B6162DC006CFE1F /* Constants.swift in Sources */,
			);
			runOnlyForDeploymentPostprocessing = 0;
		};
/* End PBXSourcesBuildPhase section */

/* Begin PBXVariantGroup section */
		FE916C2F2B5FE43E00A9C6AD /* LaunchScreen.storyboard */ = {
			isa = PBXVariantGroup;
			children = (
				FE916C302B5FE43E00A9C6AD /* Base */,
			);
			name = LaunchScreen.storyboard;
			sourceTree = "<group>";
		};
/* End PBXVariantGroup section */

/* Begin XCBuildConfiguration section */
		FE916C332B5FE43E00A9C6AD /* Debug */ = {
			isa = XCBuildConfiguration;
			buildSettings = {
				ALWAYS_SEARCH_USER_PATHS = NO;
				ASSETCATALOG_COMPILER_GENERATE_SWIFT_ASSET_SYMBOL_EXTENSIONS = YES;
				CLANG_ANALYZER_NONNULL = YES;
				CLANG_ANALYZER_NUMBER_OBJECT_CONVERSION = YES_AGGRESSIVE;
				CLANG_CXX_LANGUAGE_STANDARD = "gnu++20";
				CLANG_ENABLE_MODULES = YES;
				CLANG_ENABLE_OBJC_ARC = YES;
				CLANG_ENABLE_OBJC_WEAK = YES;
				CLANG_WARN_BLOCK_CAPTURE_AUTORELEASING = YES;
				CLANG_WARN_BOOL_CONVERSION = YES;
				CLANG_WARN_COMMA = YES;
				CLANG_WARN_CONSTANT_CONVERSION = YES;
				CLANG_WARN_DEPRECATED_OBJC_IMPLEMENTATIONS = YES;
				CLANG_WARN_DIRECT_OBJC_ISA_USAGE = YES_ERROR;
				CLANG_WARN_DOCUMENTATION_COMMENTS = YES;
				CLANG_WARN_EMPTY_BODY = YES;
				CLANG_WARN_ENUM_CONVERSION = YES;
				CLANG_WARN_INFINITE_RECURSION = YES;
				CLANG_WARN_INT_CONVERSION = YES;
				CLANG_WARN_NON_LITERAL_NULL_CONVERSION = YES;
				CLANG_WARN_OBJC_IMPLICIT_RETAIN_SELF = YES;
				CLANG_WARN_OBJC_LITERAL_CONVERSION = YES;
				CLANG_WARN_OBJC_ROOT_CLASS = YES_ERROR;
				CLANG_WARN_QUOTED_INCLUDE_IN_FRAMEWORK_HEADER = YES;
				CLANG_WARN_RANGE_LOOP_ANALYSIS = YES;
				CLANG_WARN_STRICT_PROTOTYPES = YES;
				CLANG_WARN_SUSPICIOUS_MOVE = YES;
				CLANG_WARN_UNGUARDED_AVAILABILITY = YES_AGGRESSIVE;
				CLANG_WARN_UNREACHABLE_CODE = YES;
				CLANG_WARN__DUPLICATE_METHOD_MATCH = YES;
				COPY_PHASE_STRIP = NO;
				DEBUG_INFORMATION_FORMAT = dwarf;
				ENABLE_STRICT_OBJC_MSGSEND = YES;
				ENABLE_TESTABILITY = YES;
				ENABLE_USER_SCRIPT_SANDBOXING = YES;
				GCC_C_LANGUAGE_STANDARD = gnu17;
				GCC_DYNAMIC_NO_PIC = NO;
				GCC_NO_COMMON_BLOCKS = YES;
				GCC_OPTIMIZATION_LEVEL = 0;
				GCC_PREPROCESSOR_DEFINITIONS = (
					"DEBUG=1",
					"$(inherited)",
				);
				GCC_WARN_64_TO_32_BIT_CONVERSION = YES;
				GCC_WARN_ABOUT_RETURN_TYPE = YES_ERROR;
				GCC_WARN_UNDECLARED_SELECTOR = YES;
				GCC_WARN_UNINITIALIZED_AUTOS = YES_AGGRESSIVE;
				GCC_WARN_UNUSED_FUNCTION = YES;
				GCC_WARN_UNUSED_VARIABLE = YES;
				IPHONEOS_DEPLOYMENT_TARGET = 13.0;
				LOCALIZATION_PREFERS_STRING_CATALOGS = YES;
				MTL_ENABLE_DEBUG_INFO = INCLUDE_SOURCE;
				MTL_FAST_MATH = YES;
				ONLY_ACTIVE_ARCH = YES;
				SDKROOT = iphoneos;
				SWIFT_ACTIVE_COMPILATION_CONDITIONS = "DEBUG $(inherited)";
				SWIFT_OPTIMIZATION_LEVEL = "-Onone";
			};
			name = Debug;
		};
		FE916C342B5FE43E00A9C6AD /* Release */ = {
			isa = XCBuildConfiguration;
			buildSettings = {
				ALWAYS_SEARCH_USER_PATHS = NO;
				ASSETCATALOG_COMPILER_GENERATE_SWIFT_ASSET_SYMBOL_EXTENSIONS = YES;
				CLANG_ANALYZER_NONNULL = YES;
				CLANG_ANALYZER_NUMBER_OBJECT_CONVERSION = YES_AGGRESSIVE;
				CLANG_CXX_LANGUAGE_STANDARD = "gnu++20";
				CLANG_ENABLE_MODULES = YES;
				CLANG_ENABLE_OBJC_ARC = YES;
				CLANG_ENABLE_OBJC_WEAK = YES;
				CLANG_WARN_BLOCK_CAPTURE_AUTORELEASING = YES;
				CLANG_WARN_BOOL_CONVERSION = YES;
				CLANG_WARN_COMMA = YES;
				CLANG_WARN_CONSTANT_CONVERSION = YES;
				CLANG_WARN_DEPRECATED_OBJC_IMPLEMENTATIONS = YES;
				CLANG_WARN_DIRECT_OBJC_ISA_USAGE = YES_ERROR;
				CLANG_WARN_DOCUMENTATION_COMMENTS = YES;
				CLANG_WARN_EMPTY_BODY = YES;
				CLANG_WARN_ENUM_CONVERSION = YES;
				CLANG_WARN_INFINITE_RECURSION = YES;
				CLANG_WARN_INT_CONVERSION = YES;
				CLANG_WARN_NON_LITERAL_NULL_CONVERSION = YES;
				CLANG_WARN_OBJC_IMPLICIT_RETAIN_SELF = YES;
				CLANG_WARN_OBJC_LITERAL_CONVERSION = YES;
				CLANG_WARN_OBJC_ROOT_CLASS = YES_ERROR;
				CLANG_WARN_QUOTED_INCLUDE_IN_FRAMEWORK_HEADER = YES;
				CLANG_WARN_RANGE_LOOP_ANALYSIS = YES;
				CLANG_WARN_STRICT_PROTOTYPES = YES;
				CLANG_WARN_SUSPICIOUS_MOVE = YES;
				CLANG_WARN_UNGUARDED_AVAILABILITY = YES_AGGRESSIVE;
				CLANG_WARN_UNREACHABLE_CODE = YES;
				CLANG_WARN__DUPLICATE_METHOD_MATCH = YES;
				COPY_PHASE_STRIP = NO;
				DEBUG_INFORMATION_FORMAT = "dwarf-with-dsym";
				ENABLE_NS_ASSERTIONS = NO;
				ENABLE_STRICT_OBJC_MSGSEND = YES;
				ENABLE_USER_SCRIPT_SANDBOXING = YES;
				GCC_C_LANGUAGE_STANDARD = gnu17;
				GCC_NO_COMMON_BLOCKS = YES;
				GCC_WARN_64_TO_32_BIT_CONVERSION = YES;
				GCC_WARN_ABOUT_RETURN_TYPE = YES_ERROR;
				GCC_WARN_UNDECLARED_SELECTOR = YES;
				GCC_WARN_UNINITIALIZED_AUTOS = YES_AGGRESSIVE;
				GCC_WARN_UNUSED_FUNCTION = YES;
				GCC_WARN_UNUSED_VARIABLE = YES;
				IPHONEOS_DEPLOYMENT_TARGET = 13.0;
				LOCALIZATION_PREFERS_STRING_CATALOGS = YES;
				MTL_ENABLE_DEBUG_INFO = NO;
				MTL_FAST_MATH = YES;
				SDKROOT = iphoneos;
				SWIFT_COMPILATION_MODE = wholemodule;
				VALIDATE_PRODUCT = YES;
			};
			name = Release;
		};
		FE916C362B5FE43E00A9C6AD /* Debug */ = {
			isa = XCBuildConfiguration;
			buildSettings = {
				ASSETCATALOG_COMPILER_APPICON_NAME = AppIcon;
				ASSETCATALOG_COMPILER_GLOBAL_ACCENT_COLOR_NAME = AccentColor;
				CODE_SIGN_STYLE = Automatic;
				CURRENT_PROJECT_VERSION = 1;
				DEVELOPMENT_TEAM = 767DT3Q3RN;
				GENERATE_INFOPLIST_FILE = YES;
				INFOPLIST_FILE = ILCoinCap/Info.plist;
				INFOPLIST_KEY_UIApplicationSupportsIndirectInputEvents = YES;
				INFOPLIST_KEY_UILaunchStoryboardName = LaunchScreen;
				INFOPLIST_KEY_UISupportedInterfaceOrientations = UIInterfaceOrientationPortrait;
				INFOPLIST_KEY_UISupportedInterfaceOrientations_iPad = "UIInterfaceOrientationLandscapeLeft UIInterfaceOrientationLandscapeRight UIInterfaceOrientationPortrait UIInterfaceOrientationPortraitUpsideDown";
				IPHONEOS_DEPLOYMENT_TARGET = 13.0;
				LD_RUNPATH_SEARCH_PATHS = (
					"$(inherited)",
					"@executable_path/Frameworks",
				);
				MARKETING_VERSION = 1.0;
				PRODUCT_BUNDLE_IDENTIFIER = com.postnikova.ILCoinCap;
				PRODUCT_NAME = "$(TARGET_NAME)";
				SUPPORTED_PLATFORMS = "iphoneos iphonesimulator";
				SUPPORTS_MACCATALYST = NO;
				SUPPORTS_MAC_DESIGNED_FOR_IPHONE_IPAD = NO;
				SUPPORTS_XR_DESIGNED_FOR_IPHONE_IPAD = NO;
				SWIFT_EMIT_LOC_STRINGS = YES;
				SWIFT_VERSION = 5.0;
				TARGETED_DEVICE_FAMILY = 1;
			};
			name = Debug;
		};
		FE916C372B5FE43E00A9C6AD /* Release */ = {
			isa = XCBuildConfiguration;
			buildSettings = {
				ASSETCATALOG_COMPILER_APPICON_NAME = AppIcon;
				ASSETCATALOG_COMPILER_GLOBAL_ACCENT_COLOR_NAME = AccentColor;
				CODE_SIGN_STYLE = Automatic;
				CURRENT_PROJECT_VERSION = 1;
				DEVELOPMENT_TEAM = 767DT3Q3RN;
				GENERATE_INFOPLIST_FILE = YES;
				INFOPLIST_FILE = ILCoinCap/Info.plist;
				INFOPLIST_KEY_UIApplicationSupportsIndirectInputEvents = YES;
				INFOPLIST_KEY_UILaunchStoryboardName = LaunchScreen;
				INFOPLIST_KEY_UISupportedInterfaceOrientations = UIInterfaceOrientationPortrait;
				INFOPLIST_KEY_UISupportedInterfaceOrientations_iPad = "UIInterfaceOrientationLandscapeLeft UIInterfaceOrientationLandscapeRight UIInterfaceOrientationPortrait UIInterfaceOrientationPortraitUpsideDown";
				IPHONEOS_DEPLOYMENT_TARGET = 13.0;
				LD_RUNPATH_SEARCH_PATHS = (
					"$(inherited)",
					"@executable_path/Frameworks",
				);
				MARKETING_VERSION = 1.0;
				PRODUCT_BUNDLE_IDENTIFIER = com.postnikova.ILCoinCap;
				PRODUCT_NAME = "$(TARGET_NAME)";
				SUPPORTED_PLATFORMS = "iphoneos iphonesimulator";
				SUPPORTS_MACCATALYST = NO;
				SUPPORTS_MAC_DESIGNED_FOR_IPHONE_IPAD = NO;
				SUPPORTS_XR_DESIGNED_FOR_IPHONE_IPAD = NO;
				SWIFT_EMIT_LOC_STRINGS = YES;
				SWIFT_VERSION = 5.0;
				TARGETED_DEVICE_FAMILY = 1;
			};
			name = Release;
		};
/* End XCBuildConfiguration section */

/* Begin XCConfigurationList section */
		FE916C1C2B5FE43D00A9C6AD /* Build configuration list for PBXProject "ILCoinCap" */ = {
			isa = XCConfigurationList;
			buildConfigurations = (
				FE916C332B5FE43E00A9C6AD /* Debug */,
				FE916C342B5FE43E00A9C6AD /* Release */,
			);
			defaultConfigurationIsVisible = 0;
			defaultConfigurationName = Release;
		};
		FE916C352B5FE43E00A9C6AD /* Build configuration list for PBXNativeTarget "ILCoinCap" */ = {
			isa = XCConfigurationList;
			buildConfigurations = (
				FE916C362B5FE43E00A9C6AD /* Debug */,
				FE916C372B5FE43E00A9C6AD /* Release */,
			);
			defaultConfigurationIsVisible = 0;
			defaultConfigurationName = Release;
		};
/* End XCConfigurationList section */
	};
	rootObject = FE916C192B5FE43D00A9C6AD /* Project object */;
}
